
Microsoft Visual Studio Solution File, Format Version 12.00
# Visual Studio Version 17
VisualStudioVersion = 17.14.36518.9 d17.14
MinimumVisualStudioVersion = 10.0.40219.1
Project("{FAE04EC0-301F-11D3-BF4B-00C04F79EFBC}") = "Select2MVC", "Select2MVC\Select2MVC.csproj", "{F46498A0-0EC8-4DE9-8969-FA148C60C4F7}"
EndProject
Global
	GlobalSection(SolutionConfigurationPlatforms) = preSolution
		Debug|Any CPU = Debug|Any CPU
		Release|Any CPU = Release|Any CPU
	EndGlobalSection
	GlobalSection(ProjectConfigurationPlatforms) = postSolution
		{F46498A0-0EC8-4DE9-8969-FA148C60C4F7}.Debug|Any CPU.ActiveCfg = Debug|Any CPU
		{F46498A0-0EC8-4DE9-8969-FA148C60C4F7}.Debug|Any CPU.Build.0 = Debug|Any CPU
		{F46498A0-0EC8-4DE9-8969-FA148C60C4F7}.Release|Any CPU.ActiveCfg = Release|Any CPU
		{F46498A0-0EC8-4DE9-8969-FA148C60C4F7}.Release|Any CPU.Build.0 = Release|Any CPU
	EndGlobalSection
	GlobalSection(SolutionProperties) = preSolution
		HideSolutionNode = FALSE
	EndGlobalSection
	GlobalSection(ExtensibilityGlobals) = postSolution
		SolutionGuid = {2DF94412-0FFF-4F52-85C3-52A9D2F7654F}
	EndGlobalSection
EndGlobal
